// !$*UTF8*$!
{
	archiveVersion = 1;
	classes = {
	};
	objectVersion = 46;
	objects = {

/* Begin PBXBuildFile section */
		42F19D1C1A05228C00C7A071 /* main.m in Sources */ = {isa = PBXBuildFile; fileRef = 42F19D1B1A05228C00C7A071 /* main.m */; };
		42F19D1F1A05228C00C7A071 /* AppDelegate.m in Sources */ = {isa = PBXBuildFile; fileRef = 42F19D1E1A05228C00C7A071 /* AppDelegate.m */; };
		42F19D221A05228C00C7A071 /* ViewController.m in Sources */ = {isa = PBXBuildFile; fileRef = 42F19D211A05228C00C7A071 /* ViewController.m */; };
		42F19D251A05228C00C7A071 /* Main.storyboard in Resources */ = {isa = PBXBuildFile; fileRef = 42F19D231A05228C00C7A071 /* Main.storyboard */; };
		42F19D271A05228C00C7A071 /* Images.xcassets in Resources */ = {isa = PBXBuildFile; fileRef = 42F19D261A05228C00C7A071 /* Images.xcassets */; };
		42F19D2A1A05228C00C7A071 /* LaunchScreen.xib in Resources */ = {isa = PBXBuildFile; fileRef = 42F19D281A05228C00C7A071 /* LaunchScreen.xib */; };
		42F19D361A05228C00C7A071 /* CodeChallenge1Tests.m in Sources */ = {isa = PBXBuildFile; fileRef = 42F19D351A05228C00C7A071 /* CodeChallenge1Tests.m */; };
		42F19D411A05282C00C7A071 /* WebViewController.m in Sources */ = {isa = PBXBuildFile; fileRef = 42F19D401A05282C00C7A071 /* WebViewController.m */; };
/* End PBXBuildFile section */

/* Begin PBXContainerItemProxy section */
		42F19D301A05228C00C7A071 /* PBXContainerItemProxy */ = {
			isa = PBXContainerItemProxy;
			containerPortal = 42F19D0E1A05228C00C7A071 /* Project object */;
			proxyType = 1;
			remoteGlobalIDString = 42F19D151A05228C00C7A071;
			remoteInfo = CodeChallenge1;
		};
/* End PBXContainerItemProxy section */

/* Begin PBXFileReference section */
		42F19D161A05228C00C7A071 /* CodeChallenge1.app */ = {isa = PBXFileReference; explicitFileType = wrapper.application; includeInIndex = 0; path = CodeChallenge1.app; sourceTree = BUILT_PRODUCTS_DIR; };
		42F19D1A1A05228C00C7A071 /* Info.plist */ = {isa = PBXFileReference; lastKnownFileType = text.plist.xml; path = Info.plist; sourceTree = "<group>"; };
		42F19D1B1A05228C00C7A071 /* main.m */ = {isa = PBXFileReference; lastKnownFileType = sourcecode.c.objc; path = main.m; sourceTree = "<group>"; };
		42F19D1D1A05228C00C7A071 /* AppDelegate.h */ = {isa = PBXFileReference; lastKnownFileType = sourcecode.c.h; path = AppDelegate.h; sourceTree = "<group>"; };
		42F19D1E1A05228C00C7A071 /* AppDelegate.m */ = {isa = PBXFileReference; lastKnownFileType = sourcecode.c.objc; path = AppDelegate.m; sourceTree = "<group>"; };
		42F19D201A05228C00C7A071 /* ViewController.h */ = {isa = PBXFileReference; lastKnownFileType = sourcecode.c.h; path = ViewController.h; sourceTree = "<group>"; };
		42F19D211A05228C00C7A071 /* ViewController.m */ = {isa = PBXFileReference; lastKnownFileType = sourcecode.c.objc; path = ViewController.m; sourceTree = "<group>"; };
		42F19D241A05228C00C7A071 /* Base */ = {isa = PBXFileReference; lastKnownFileType = file.storyboard; name = Base; path = Base.lproj/Main.storyboard; sourceTree = "<group>"; };
		42F19D261A05228C00C7A071 /* Images.xcassets */ = {isa = PBXFileReference; lastKnownFileType = folder.assetcatalog; path = Images.xcassets; sourceTree = "<group>"; };
		42F19D291A05228C00C7A071 /* Base */ = {isa = PBXFileReference; lastKnownFileType = file.xib; name = Base; path = Base.lproj/LaunchScreen.xib; sourceTree = "<group>"; };
		42F19D2F1A05228C00C7A071 /* CodeChallenge1Tests.xctest */ = {isa = PBXFileReference; explicitFileType = wrapper.cfbundle; includeInIndex = 0; path = CodeChallenge1Tests.xctest; sourceTree = BUILT_PRODUCTS_DIR; };
		42F19D341A05228C00C7A071 /* Info.plist */ = {isa = PBXFileReference; lastKnownFileType = text.plist.xml; path = Info.plist; sourceTree = "<group>"; };
		42F19D351A05228C00C7A071 /* CodeChallenge1Tests.m */ = {isa = PBXFileReference; lastKnownFileType = sourcecode.c.objc; path = CodeChallenge1Tests.m; sourceTree = "<group>"; };
		42F19D3F1A05282C00C7A071 /* WebViewController.h */ = {isa = PBXFileReference; fileEncoding = 4; lastKnownFileType = sourcecode.c.h; path = WebViewController.h; sourceTree = "<group>"; };
		42F19D401A05282C00C7A071 /* WebViewController.m */ = {isa = PBXFileReference; fileEncoding = 4; lastKnownFileType = sourcecode.c.objc; path = WebViewController.m; sourceTree = "<group>"; };
/* End PBXFileReference section */

/* Begin PBXFrameworksBuildPhase section */
		42F19D131A05228C00C7A071 /* Frameworks */ = {
			isa = PBXFrameworksBuildPhase;
			buildActionMask = 2147483647;
			files = (
			);
			runOnlyForDeploymentPostprocessing = 0;
		};
		42F19D2C1A05228C00C7A071 /* Frameworks */ = {
			isa = PBXFrameworksBuildPhase;
			buildActionMask = 2147483647;
			files = (
			);
			runOnlyForDeploymentPostprocessing = 0;
		};
/* End PBXFrameworksBuildPhase section */

/* Begin PBXGroup section */
		42F19D0D1A05228C00C7A071 = {
			isa = PBXGroup;
			children = (
				42F19D181A05228C00C7A071 /* CodeChallenge1 */,
				42F19D321A05228C00C7A071 /* CodeChallenge1Tests */,
				42F19D171A05228C00C7A071 /* Products */,
			);
			sourceTree = "<group>";
		};
		42F19D171A05228C00C7A071 /* Products */ = {
			isa = PBXGroup;
			children = (
				42F19D161A05228C00C7A071 /* CodeChallenge1.app */,
				42F19D2F1A05228C00C7A071 /* CodeChallenge1Tests.xctest */,
			);
			name = Products;
			sourceTree = "<group>";
		};
		42F19D181A05228C00C7A071 /* CodeChallenge1 */ = {
			isa = PBXGroup;
			children = (
				42F19D1D1A05228C00C7A071 /* AppDelegate.h */,
				42F19D1E1A05228C00C7A071 /* AppDelegate.m */,
				42F19D201A05228C00C7A071 /* ViewController.h */,
				42F19D211A05228C00C7A071 /* ViewController.m */,
				42F19D231A05228C00C7A071 /* Main.storyboard */,
				42F19D3F1A05282C00C7A071 /* WebViewController.h */,
				42F19D401A05282C00C7A071 /* WebViewController.m */,
				42F19D261A05228C00C7A071 /* Images.xcassets */,
				42F19D281A05228C00C7A071 /* LaunchScreen.xib */,
				42F19D191A05228C00C7A071 /* Supporting Files */,
			);
			path = CodeChallenge1;
			sourceTree = "<group>";
		};
		42F19D191A05228C00C7A071 /* Supporting Files */ = {
			isa = PBXGroup;
			children = (
				42F19D1A1A05228C00C7A071 /* Info.plist */,
				42F19D1B1A05228C00C7A071 /* main.m */,
			);
			name = "Supporting Files";
			sourceTree = "<group>";
		};
		42F19D321A05228C00C7A071 /* CodeChallenge1Tests */ = {
			isa = PBXGroup;
			children = (
				42F19D351A05228C00C7A071 /* CodeChallenge1Tests.m */,
				42F19D331A05228C00C7A071 /* Supporting Files */,
			);
			path = CodeChallenge1Tests;
			sourceTree = "<group>";
		};
		42F19D331A05228C00C7A071 /* Supporting Files */ = {
			isa = PBXGroup;
			children = (
				42F19D341A05228C00C7A071 /* Info.plist */,
			);
			name = "Supporting Files";
			sourceTree = "<group>";
		};
/* End PBXGroup section */

/* Begin PBXNativeTarget section */
		42F19D151A05228C00C7A071 /* CodeChallenge1 */ = {
			isa = PBXNativeTarget;
			buildConfigurationList = 42F19D391A05228C00C7A071 /* Build configuration list for PBXNativeTarget "CodeChallenge1" */;
			buildPhases = (
				42F19D121A05228C00C7A071 /* Sources */,
				42F19D131A05228C00C7A071 /* Frameworks */,
				42F19D141A05228C00C7A071 /* Resources */,
			);
			buildRules = (
			);
			dependencies = (
			);
			name = CodeChallenge1;
			productName = CodeChallenge1;
			productReference = 42F19D161A05228C00C7A071 /* CodeChallenge1.app */;
			productType = "com.apple.product-type.application";
		};
		42F19D2E1A05228C00C7A071 /* CodeChallenge1Tests */ = {
			isa = PBXNativeTarget;
			buildConfigurationList = 42F19D3C1A05228C00C7A071 /* Build configuration list for PBXNativeTarget "CodeChallenge1Tests" */;
			buildPhases = (
				42F19D2B1A05228C00C7A071 /* Sources */,
				42F19D2C1A05228C00C7A071 /* Frameworks */,
				42F19D2D1A05228C00C7A071 /* Resources */,
			);
			buildRules = (
			);
			dependencies = (
				42F19D311A05228C00C7A071 /* PBXTargetDependency */,
			);
			name = CodeChallenge1Tests;
			productName = CodeChallenge1Tests;
			productReference = 42F19D2F1A05228C00C7A071 /* CodeChallenge1Tests.xctest */;
			productType = "com.apple.product-type.bundle.unit-test";
		};
/* End PBXNativeTarget section */

/* Begin PBXProject section */
		42F19D0E1A05228C00C7A071 /* Project object */ = {
			isa = PBXProject;
			attributes = {
				LastUpgradeCheck = 0610;
				ORGANIZATIONNAME = parry;
				TargetAttributes = {
					42F19D151A05228C00C7A071 = {
						CreatedOnToolsVersion = 6.1;
					};
					42F19D2E1A05228C00C7A071 = {
						CreatedOnToolsVersion = 6.1;
						TestTargetID = 42F19D151A05228C00C7A071;
					};
				};
			};
			buildConfigurationList = 42F19D111A05228C00C7A071 /* Build configuration list for PBXProject "CodeChallenge1" */;
			compatibilityVersion = "Xcode 3.2";
			developmentRegion = English;
			hasScannedForEncodings = 0;
			knownRegions = (
				en,
				Base,
			);
			mainGroup = 42F19D0D1A05228C00C7A071;
			productRefGroup = 42F19D171A05228C00C7A071 /* Products */;
			projectDirPath = "";
			projectRoot = "";
			targets = (
				42F19D151A05228C00C7A071 /* CodeChallenge1 */,
				42F19D2E1A05228C00C7A071 /* CodeChallenge1Tests */,
			);
		};
/* End PBXProject section */

/* Begin PBXResourcesBuildPhase section */
		42F19D141A05228C00C7A071 /* Resources */ = {
			isa = PBXResourcesBuildPhase;
			buildActionMask = 2147483647;
			files = (
				42F19D251A05228C00C7A071 /* Main.storyboard in Resources */,
				42F19D2A1A05228C00C7A071 /* LaunchScreen.xib in Resources */,
				42F19D271A05228C00C7A071 /* Images.xcassets in Resources */,
			);
			runOnlyForDeploymentPostprocessing = 0;
		};
		42F19D2D1A05228C00C7A071 /* Resources */ = {
			isa = PBXResourcesBuildPhase;
			buildActionMask = 2147483647;
			files = (
			);
			runOnlyForDeploymentPostprocessing = 0;
		};
/* End PBXResourcesBuildPhase section */

/* Begin PBXSourcesBuildPhase section */
		42F19D121A05228C00C7A071 /* Sources */ = {
			isa = PBXSourcesBuildPhase;
			buildActionMask = 2147483647;
			files = (
				42F19D221A05228C00C7A071 /* ViewController.m in Sources */,
				42F19D1F1A05228C00C7A071 /* AppDelegate.m in Sources */,
				42F19D1C1A05228C00C7A071 /* main.m in Sources */,
				42F19D411A05282C00C7A071 /* WebViewController.m in Sources */,
			);
			runOnlyForDeploymentPostprocessing = 0;
		};
		42F19D2B1A05228C00C7A071 /* Sources */ = {
			isa = PBXSourcesBuildPhase;
			buildActionMask = 2147483647;
			files = (
				42F19D361A05228C00C7A071 /* CodeChallenge1Tests.m in Sources */,
			);
			runOnlyForDeploymentPostprocessing = 0;
		};
/* End PBXSourcesBuildPhase section */

/* Begin PBXTargetDependency section */
		42F19D311A05228C00C7A071 /* PBXTargetDependency */ = {
			isa = PBXTargetDependency;
			target = 42F19D151A05228C00C7A071 /* CodeChallenge1 */;
			targetProxy = 42F19D301A05228C00C7A071 /* PBXContainerItemProxy */;
		};
/* End PBXTargetDependency section */

/* Begin PBXVariantGroup section */
		42F19D231A05228C00C7A071 /* Main.storyboard */ = {
			isa = PBXVariantGroup;
			children = (
				42F19D241A05228C00C7A071 /* Base */,
			);
			name = Main.storyboard;
			sourceTree = "<group>";
		};
		42F19D281A05228C00C7A071 /* LaunchScreen.xib */ = {
			isa = PBXVariantGroup;
			children = (
				42F19D291A05228C00C7A071 /* Base */,
			);
			name = LaunchScreen.xib;
			sourceTree = "<group>";
		};
/* End PBXVariantGroup section */

/* Begin XCBuildConfiguration section */
		42F19D371A05228C00C7A071 /* Debug */ = {
			isa = XCBuildConfiguration;
			buildSettings = {
				ALWAYS_SEARCH_USER_PATHS = NO;
				CLANG_CXX_LANGUAGE_STANDARD = "gnu++0x";
				CLANG_CXX_LIBRARY = "libc++";
				CLANG_ENABLE_MODULES = YES;
				CLANG_ENABLE_OBJC_ARC = YES;
				CLANG_WARN_BOOL_CONVERSION = YES;
				CLANG_WARN_CONSTANT_CONVERSION = YES;
				CLANG_WARN_DIRECT_OBJC_ISA_USAGE = YES_ERROR;
				CLANG_WARN_EMPTY_BODY = YES;
				CLANG_WARN_ENUM_CONVERSION = YES;
				CLANG_WARN_INT_CONVERSION = YES;
				CLANG_WARN_OBJC_ROOT_CLASS = YES_ERROR;
				CLANG_WARN_UNREACHABLE_CODE = YES;
				CLANG_WARN__DUPLICATE_METHOD_MATCH = YES;
				"CODE_SIGN_IDENTITY[sdk=iphoneos*]" = "iPhone Developer";
				COPY_PHASE_STRIP = NO;
				ENABLE_STRICT_OBJC_MSGSEND = YES;
				GCC_C_LANGUAGE_STANDARD = gnu99;
				GCC_DYNAMIC_NO_PIC = NO;
				GCC_OPTIMIZATION_LEVEL = 0;
				GCC_PREPROCESSOR_DEFINITIONS = (
					"DEBUG=1",
					"$(inherited)",
				);
				GCC_SYMBOLS_PRIVATE_EXTERN = NO;
				GCC_WARN_64_TO_32_BIT_CONVERSION = YES;
				GCC_WARN_ABOUT_RETURN_TYPE = YES_ERROR;
				GCC_WARN_UNDECLARED_SELECTOR = YES;
				GCC_WARN_UNINITIALIZED_AUTOS = YES_AGGRESSIVE;
				GCC_WARN_UNUSED_FUNCTION = YES;
				GCC_WARN_UNUSED_VARIABLE = YES;
				IPHONEOS_DEPLOYMENT_TARGET = 8.1;
				MTL_ENABLE_DEBUG_INFO = YES;
				ONLY_ACTIVE_ARCH = YES;
				SDKROOT = iphoneos;
			};
			name = Debug;
		};
		42F19D381A05228C00C7A071 /* Release */ = {
			isa = XCBuildConfiguration;
			buildSettings = {
				ALWAYS_SEARCH_USER_PATHS = NO;
				CLANG_CXX_LANGUAGE_STANDARD = "gnu++0x";
				CLANG_CXX_LIBRARY = "libc++";
				CLANG_ENABLE_MODULES = YES;
				CLANG_ENABLE_OBJC_ARC = YES;
				CLANG_WARN_BOOL_CONVERSION = YES;
				CLANG_WARN_CONSTANT_CONVERSION = YES;
				CLANG_WARN_DIRECT_OBJC_ISA_USAGE = YES_ERROR;
				CLANG_WARN_EMPTY_BODY = YES;
				CLANG_WARN_ENUM_CONVERSION = YES;
				CLANG_WARN_INT_CONVERSION = YES;
				CLANG_WARN_OBJC_ROOT_CLASS = YES_ERROR;
				CLANG_WARN_UNREACHABLE_CODE = YES;
				CLANG_WARN__DUPLICATE_METHOD_MATCH = YES;
				"CODE_SIGN_IDENTITY[sdk=iphoneos*]" = "iPhone Developer";
				COPY_PHASE_STRIP = YES;
				ENABLE_NS_ASSERTIONS = NO;
				ENABLE_STRICT_OBJC_MSGSEND = YES;
				GCC_C_LANGUAGE_STANDARD = gnu99;
				GCC_WARN_64_TO_32_BIT_CONVERSION = YES;
				GCC_WARN_ABOUT_RETURN_TYPE = YES_ERROR;
				GCC_WARN_UNDECLARED_SELECTOR = YES;
				GCC_WARN_UNINITIALIZED_AUTOS = YES_AGGRESSIVE;
				GCC_WARN_UNUSED_FUNCTION = YES;
				GCC_WARN_UNUSED_VARIABLE = YES;
				IPHONEOS_DEPLOYMENT_TARGET = 8.1;
				MTL_ENABLE_DEBUG_INFO = NO;
				SDKROOT = iphoneos;
				VALIDATE_PRODUCT = YES;
			};
			name = Release;
		};
		42F19D3A1A05228C00C7A071 /* Debug */ = {
			isa = XCBuildConfiguration;
			buildSettings = {
				ASSETCATALOG_COMPILER_APPICON_NAME = AppIcon;
				INFOPLIST_FILE = CodeChallenge1/Info.plist;
				LD_RUNPATH_SEARCH_PATHS = "$(inherited) @executable_path/Frameworks";
				PRODUCT_NAME = "$(TARGET_NAME)";
			};
			name = Debug;
		};
		42F19D3B1A05228C00C7A071 /* Release */ = {
			isa = XCBuildConfiguration;
			buildSettings = {
				ASSETCATALOG_COMPILER_APPICON_NAME = AppIcon;
				INFOPLIST_FILE = CodeChallenge1/Info.plist;
				LD_RUNPATH_SEARCH_PATHS = "$(inherited) @executable_path/Frameworks";
				PRODUCT_NAME = "$(TARGET_NAME)";
			};
			name = Release;
		};
		42F19D3D1A05228C00C7A071 /* Debug */ = {
			isa = XCBuildConfiguration;
			buildSettings = {
				BUNDLE_LOADER = "$(TEST_HOST)";
				FRAMEWORK_SEARCH_PATHS = (
					"$(SDKROOT)/Developer/Library/Frameworks",
					"$(inherited)",
				);
				GCC_PREPROCESSOR_DEFINITIONS = (
					"DEBUG=1",
					"$(inherited)",
				);
				INFOPLIST_FILE = CodeChallenge1Tests/Info.plist;
				LD_RUNPATH_SEARCH_PATHS = "$(inherited) @executable_path/Frameworks @loader_path/Frameworks";
				PRODUCT_NAME = "$(TARGET_NAME)";
				TEST_HOST = "$(BUILT_PRODUCTS_DIR)/CodeChallenge1.app/CodeChallenge1";
			};
			name = Debug;
		};
		42F19D3E1A05228C00C7A071 /* Release */ = {
			isa = XCBuildConfiguration;
			buildSettings = {
				BUNDLE_LOADER = "$(TEST_HOST)";
				FRAMEWORK_SEARCH_PATHS = (
					"$(SDKROOT)/Developer/Library/Frameworks",
					"$(inherited)",
				);
				INFOPLIST_FILE = CodeChallenge1Tests/Info.plist;
				LD_RUNPATH_SEARCH_PATHS = "$(inherited) @executable_path/Frameworks @loader_path/Frameworks";
				PRODUCT_NAME = "$(TARGET_NAME)";
				TEST_HOST = "$(BUILT_PRODUCTS_DIR)/CodeChallenge1.app/CodeChallenge1";
			};
			name = Release;
		};
/* End XCBuildConfiguration section */

/* Begin XCConfigurationList section */
		42F19D111A05228C00C7A071 /* Build configuration list for PBXProject "CodeChallenge1" */ = {
			isa = XCConfigurationList;
			buildConfigurations = (
				42F19D371A05228C00C7A071 /* Debug */,
				42F19D381A05228C00C7A071 /* Release */,
			);
			defaultConfigurationIsVisible = 0;
			defaultConfigurationName = Release;
		};
		42F19D391A05228C00C7A071 /* Build configuration list for PBXNativeTarget "CodeChallenge1" */ = {
			isa = XCConfigurationList;
			buildConfigurations = (
				42F19D3A1A05228C00C7A071 /* Debug */,
				42F19D3B1A05228C00C7A071 /* Release */,
			);
			defaultConfigurationIsVisible = 0;
		};
		42F19D3C1A05228C00C7A071 /* Build configuration list for PBXNativeTarget "CodeChallenge1Tests" */ = {
			isa = XCConfigurationList;
			buildConfigurations = (
				42F19D3D1A05228C00C7A071 /* Debug */,
				42F19D3E1A05228C00C7A071 /* Release */,
			);
			defaultConfigurationIsVisible = 0;
		};
/* End XCConfigurationList section */
	};
	rootObject = 42F19D0E1A05228C00C7A071 /* Project object */;
}
